{
  "requires": true,
  "lockfileVersion": 1,
  "dependencies": {
    "pdfjs-dist-for-node": {
      "version": "1.0.892-rc.1",
      "resolved": "https://registry.npmjs.org/pdfjs-dist-for-node/-/pdfjs-dist-for-node-1.0.892-rc.1.tgz",
      "integrity": "sha1-rY59RWqXly6VvOeDYlxJ6yThzg8="
    }
  }
}
