
Microsoft Visual Studio Solution File, Format Version 12.00
# Visual Studio 2012
Project("{FAE04EC0-301F-11D3-BF4B-00C04F79EFBC}") = "hspc_api", "hspc_api\hspc_api.csproj", "{FE24410B-4E0C-4615-B464-EDEEF1820D99}"
EndProject
Project("{FAE04EC0-301F-11D3-BF4B-00C04F79EFBC}") = "Tests", "Tests\Tests.csproj", "{0FC158A2-A055-4192-9C58-C9C0F1972965}"
EndProject
Global
	GlobalSection(SolutionConfigurationPlatforms) = preSolution
		Debug|Any CPU = Debug|Any CPU
		Release|Any CPU = Release|Any CPU
	EndGlobalSection
	GlobalSection(ProjectConfigurationPlatforms) = postSolution
		{FE24410B-4E0C-4615-B464-EDEEF1820D99}.Debug|Any CPU.ActiveCfg = Debug|Any CPU
		{FE24410B-4E0C-4615-B464-EDEEF1820D99}.Debug|Any CPU.Build.0 = Debug|Any CPU
		{FE24410B-4E0C-4615-B464-EDEEF1820D99}.Release|Any CPU.ActiveCfg = Release|Any CPU
		{FE24410B-4E0C-4615-B464-EDEEF1820D99}.Release|Any CPU.Build.0 = Release|Any CPU
		{0FC158A2-A055-4192-9C58-C9C0F1972965}.Debug|Any CPU.ActiveCfg = Debug|Any CPU
		{0FC158A2-A055-4192-9C58-C9C0F1972965}.Debug|Any CPU.Build.0 = Debug|Any CPU
		{0FC158A2-A055-4192-9C58-C9C0F1972965}.Release|Any CPU.ActiveCfg = Release|Any CPU
		{0FC158A2-A055-4192-9C58-C9C0F1972965}.Release|Any CPU.Build.0 = Release|Any CPU
	EndGlobalSection
EndGlobal
